
Microsoft Visual Studio Solution File, Format Version 12.00
# Visual Studio Version 16
VisualStudioVersion = 16.0.29519.87
MinimumVisualStudioVersion = 10.0.40219.1
Project("{FAE04EC0-301F-11D3-BF4B-00C04F79EFBC}") = "ConsultarCEPs", "ConsultarCEPs.csproj", "{CAD625E7-16BA-413F-9E1F-1718C09FF4A1}"
EndProject
Global
	GlobalSection(SolutionConfigurationPlatforms) = preSolution
		Debug|Any CPU = Debug|Any CPU
		Release|Any CPU = Release|Any CPU
	EndGlobalSection
	GlobalSection(ProjectConfigurationPlatforms) = postSolution
		{CAD625E7-16BA-413F-9E1F-1718C09FF4A1}.Debug|Any CPU.ActiveCfg = Debug|Any CPU
		{CAD625E7-16BA-413F-9E1F-1718C09FF4A1}.Debug|Any CPU.Build.0 = Debug|Any CPU
		{CAD625E7-16BA-413F-9E1F-1718C09FF4A1}.Release|Any CPU.ActiveCfg = Release|Any CPU
		{CAD625E7-16BA-413F-9E1F-1718C09FF4A1}.Release|Any CPU.Build.0 = Release|Any CPU
	EndGlobalSection
	GlobalSection(SolutionProperties) = preSolution
		HideSolutionNode = FALSE
	EndGlobalSection
	GlobalSection(ExtensibilityGlobals) = postSolution
		SolutionGuid = {C35B6878-EE85-42EC-A2CA-B49BD2F6B99B}
	EndGlobalSection
EndGlobal
